
Microsoft Visual Studio Solution File, Format Version 12.00
# Visual Studio 15
VisualStudioVersion = 15.0.27130.2010
MinimumVisualStudioVersion = 10.0.40219.1
Project("{FAE04EC0-301F-11D3-BF4B-00C04F79EFBC}") = "artemisa", "artemisa\artemisa.csproj", "{BB1CF79F-8192-4AEB-B085-54C106830505}"
EndProject
Global
	GlobalSection(SolutionConfigurationPlatforms) = preSolution
		Debug|Any CPU = Debug|Any CPU
		Release|Any CPU = Release|Any CPU
	EndGlobalSection
	GlobalSection(ProjectConfigurationPlatforms) = postSolution
		{BB1CF79F-8192-4AEB-B085-54C106830505}.Debug|Any CPU.ActiveCfg = Debug|Any CPU
		{BB1CF79F-8192-4AEB-B085-54C106830505}.Debug|Any CPU.Build.0 = Debug|Any CPU
		{BB1CF79F-8192-4AEB-B085-54C106830505}.Release|Any CPU.ActiveCfg = Release|Any CPU
		{BB1CF79F-8192-4AEB-B085-54C106830505}.Release|Any CPU.Build.0 = Release|Any CPU
	EndGlobalSection
	GlobalSection(SolutionProperties) = preSolution
		HideSolutionNode = FALSE
	EndGlobalSection
	GlobalSection(ExtensibilityGlobals) = postSolution
		SolutionGuid = {27CFC5A2-2056-45EE-A30A-2E9E59FF8EBE}
	EndGlobalSection
EndGlobal
